// !$*UTF8*$!
{
	archiveVersion = 1;
	classes = {
	};
	objectVersion = 50;
	objects = {

/* Begin PBXBuildFile section */
		2611466424AF2F4000C5CFFF /* DialogsView.swift in Sources */ = {isa = PBXBuildFile; fileRef = 2611466324AF2F4000C5CFFF /* DialogsView.swift */; };
		265E6C5F24AF275B00FDC676 /* SamplesView.swift in Sources */ = {isa = PBXBuildFile; fileRef = 265E6C5E24AF275B00FDC676 /* SamplesView.swift */; };
		265E6C6324AF2B7A00FDC676 /* PickerSamplesView.swift in Sources */ = {isa = PBXBuildFile; fileRef = 265E6C6024AF2B7A00FDC676 /* PickerSamplesView.swift */; };
		265E6C6424AF2B7A00FDC676 /* SwitchSamplesView.swift in Sources */ = {isa = PBXBuildFile; fileRef = 265E6C6124AF2B7A00FDC676 /* SwitchSamplesView.swift */; };
		265E6C6524AF2B7A00FDC676 /* FormSamplesView.swift in Sources */ = {isa = PBXBuildFile; fileRef = 265E6C6224AF2B7A00FDC676 /* FormSamplesView.swift */; };
		26ADC44624AEEC550042ED8A /* SwiftUI_Mac_11App.swift in Sources */ = {isa = PBXBuildFile; fileRef = 26ADC44524AEEC550042ED8A /* SwiftUI_Mac_11App.swift */; };
		26ADC44824AEEC550042ED8A /* ContentView.swift in Sources */ = {isa = PBXBuildFile; fileRef = 26ADC44724AEEC550042ED8A /* ContentView.swift */; };
		26ADC44A24AEEC560042ED8A /* Assets.xcassets in Resources */ = {isa = PBXBuildFile; fileRef = 26ADC44924AEEC560042ED8A /* Assets.xcassets */; };
		26ADC44D24AEEC560042ED8A /* Preview Assets.xcassets in Resources */ = {isa = PBXBuildFile; fileRef = 26ADC44C24AEEC560042ED8A /* Preview Assets.xcassets */; };
		26D1053E24AEF8F300897038 /* httpcodes.json in Resources */ = {isa = PBXBuildFile; fileRef = 26D1053B24AEF8F300897038 /* httpcodes.json */; };
		26D1053F24AEF8F300897038 /* Helper.swift in Sources */ = {isa = PBXBuildFile; fileRef = 26D1053C24AEF8F300897038 /* Helper.swift */; };
		26D1054024AEF8F300897038 /* HttpStatus.swift in Sources */ = {isa = PBXBuildFile; fileRef = 26D1053D24AEF8F300897038 /* HttpStatus.swift */; };
		26D1054224AEF93200897038 /* DetailView.swift in Sources */ = {isa = PBXBuildFile; fileRef = 26D1054124AEF93200897038 /* DetailView.swift */; };
		26D1054624AF028F00897038 /* SettingsView.swift in Sources */ = {isa = PBXBuildFile; fileRef = 26D1054524AF028F00897038 /* SettingsView.swift */; };
/* End PBXBuildFile section */

/* Begin PBXFileReference section */
		2611466324AF2F4000C5CFFF /* DialogsView.swift */ = {isa = PBXFileReference; fileEncoding = 4; lastKnownFileType = sourcecode.swift; path = DialogsView.swift; sourceTree = "<group>"; };
		265E6C5E24AF275B00FDC676 /* SamplesView.swift */ = {isa = PBXFileReference; lastKnownFileType = sourcecode.swift; path = SamplesView.swift; sourceTree = "<group>"; };
		265E6C6024AF2B7A00FDC676 /* PickerSamplesView.swift */ = {isa = PBXFileReference; fileEncoding = 4; lastKnownFileType = sourcecode.swift; path = PickerSamplesView.swift; sourceTree = "<group>"; };
		265E6C6124AF2B7A00FDC676 /* SwitchSamplesView.swift */ = {isa = PBXFileReference; fileEncoding = 4; lastKnownFileType = sourcecode.swift; path = SwitchSamplesView.swift; sourceTree = "<group>"; };
		265E6C6224AF2B7A00FDC676 /* FormSamplesView.swift */ = {isa = PBXFileReference; fileEncoding = 4; lastKnownFileType = sourcecode.swift; path = FormSamplesView.swift; sourceTree = "<group>"; };
		26ADC44224AEEC550042ED8A /* SwiftUI-Mac-11.app */ = {isa = PBXFileReference; explicitFileType = wrapper.application; includeInIndex = 0; path = "SwiftUI-Mac-11.app"; sourceTree = BUILT_PRODUCTS_DIR; };
		26ADC44524AEEC550042ED8A /* SwiftUI_Mac_11App.swift */ = {isa = PBXFileReference; lastKnownFileType = sourcecode.swift; path = SwiftUI_Mac_11App.swift; sourceTree = "<group>"; };
		26ADC44724AEEC550042ED8A /* ContentView.swift */ = {isa = PBXFileReference; lastKnownFileType = sourcecode.swift; path = ContentView.swift; sourceTree = "<group>"; };
		26ADC44924AEEC560042ED8A /* Assets.xcassets */ = {isa = PBXFileReference; lastKnownFileType = folder.assetcatalog; path = Assets.xcassets; sourceTree = "<group>"; };
		26ADC44C24AEEC560042ED8A /* Preview Assets.xcassets */ = {isa = PBXFileReference; lastKnownFileType = folder.assetcatalog; path = "Preview Assets.xcassets"; sourceTree = "<group>"; };
		26ADC44E24AEEC560042ED8A /* Info.plist */ = {isa = PBXFileReference; lastKnownFileType = text.plist.xml; path = Info.plist; sourceTree = "<group>"; };
		26ADC44F24AEEC560042ED8A /* SwiftUI_Mac_11.entitlements */ = {isa = PBXFileReference; lastKnownFileType = text.plist.entitlements; path = SwiftUI_Mac_11.entitlements; sourceTree = "<group>"; };
		26D1053B24AEF8F300897038 /* httpcodes.json */ = {isa = PBXFileReference; fileEncoding = 4; lastKnownFileType = text.json; path = httpcodes.json; sourceTree = "<group>"; };
		26D1053C24AEF8F300897038 /* Helper.swift */ = {isa = PBXFileReference; fileEncoding = 4; lastKnownFileType = sourcecode.swift; path = Helper.swift; sourceTree = "<group>"; };
		26D1053D24AEF8F300897038 /* HttpStatus.swift */ = {isa = PBXFileReference; fileEncoding = 4; lastKnownFileType = sourcecode.swift; path = HttpStatus.swift; sourceTree = "<group>"; };
		26D1054124AEF93200897038 /* DetailView.swift */ = {isa = PBXFileReference; fileEncoding = 4; lastKnownFileType = sourcecode.swift; path = DetailView.swift; sourceTree = "<group>"; };
		26D1054524AF028F00897038 /* SettingsView.swift */ = {isa = PBXFileReference; lastKnownFileType = sourcecode.swift; path = SettingsView.swift; sourceTree = "<group>"; };
/* End PBXFileReference section */

/* Begin PBXFrameworksBuildPhase section */
		26ADC43F24AEEC550042ED8A /* Frameworks */ = {
			isa = PBXFrameworksBuildPhase;
			buildActionMask = 2147483647;
			files = (
			);
			runOnlyForDeploymentPostprocessing = 0;
		};
/* End PBXFrameworksBuildPhase section */

/* Begin PBXGroup section */
		26ADC43924AEEC550042ED8A = {
			isa = PBXGroup;
			children = (
				26ADC44424AEEC550042ED8A /* SwiftUI-Mac-11 */,
				26ADC44324AEEC550042ED8A /* Products */,
			);
			sourceTree = "<group>";
		};
		26ADC44324AEEC550042ED8A /* Products */ = {
			isa = PBXGroup;
			children = (
				26ADC44224AEEC550042ED8A /* SwiftUI-Mac-11.app */,
			);
			name = Products;
			sourceTree = "<group>";
		};
		26ADC44424AEEC550042ED8A /* SwiftUI-Mac-11 */ = {
			isa = PBXGroup;
			children = (
				26ADC44524AEEC550042ED8A /* SwiftUI_Mac_11App.swift */,
				26D1054424AEFADC00897038 /* Views */,
				26D1054324AEFAD400897038 /* Data */,
				26ADC44924AEEC560042ED8A /* Assets.xcassets */,
				26ADC44E24AEEC560042ED8A /* Info.plist */,
				26ADC44F24AEEC560042ED8A /* SwiftUI_Mac_11.entitlements */,
				26ADC44B24AEEC560042ED8A /* Preview Content */,
			);
			path = "SwiftUI-Mac-11";
			sourceTree = "<group>";
		};
		26ADC44B24AEEC560042ED8A /* Preview Content */ = {
			isa = PBXGroup;
			children = (
				26ADC44C24AEEC560042ED8A /* Preview Assets.xcassets */,
			);
			path = "Preview Content";
			sourceTree = "<group>";
		};
		26D1054324AEFAD400897038 /* Data */ = {
			isa = PBXGroup;
			children = (
				26D1053B24AEF8F300897038 /* httpcodes.json */,
				26D1053D24AEF8F300897038 /* HttpStatus.swift */,
				26D1053C24AEF8F300897038 /* Helper.swift */,
			);
			path = Data;
			sourceTree = "<group>";
		};
		26D1054424AEFADC00897038 /* Views */ = {
			isa = PBXGroup;
			children = (
				26ADC44724AEEC550042ED8A /* ContentView.swift */,
				26D1054124AEF93200897038 /* DetailView.swift */,
				26D1054524AF028F00897038 /* SettingsView.swift */,
				265E6C5E24AF275B00FDC676 /* SamplesView.swift */,
				265E6C6024AF2B7A00FDC676 /* PickerSamplesView.swift */,
				265E6C6124AF2B7A00FDC676 /* SwitchSamplesView.swift */,
				265E6C6224AF2B7A00FDC676 /* FormSamplesView.swift */,
				2611466324AF2F4000C5CFFF /* DialogsView.swift */,
			);
			path = Views;
			sourceTree = "<group>";
		};
/* End PBXGroup section */

/* Begin PBXNativeTarget section */
		26ADC44124AEEC550042ED8A /* SwiftUI-Mac-11 */ = {
			isa = PBXNativeTarget;
			buildConfigurationList = 26ADC45224AEEC560042ED8A /* Build configuration list for PBXNativeTarget "SwiftUI-Mac-11" */;
			buildPhases = (
				26ADC43E24AEEC550042ED8A /* Sources */,
				26ADC43F24AEEC550042ED8A /* Frameworks */,
				26ADC44024AEEC550042ED8A /* Resources */,
			);
			buildRules = (
			);
			dependencies = (
			);
			name = "SwiftUI-Mac-11";
			productName = "SwiftUI-Mac-11";
			productReference = 26ADC44224AEEC550042ED8A /* SwiftUI-Mac-11.app */;
			productType = "com.apple.product-type.application";
		};
/* End PBXNativeTarget section */

/* Begin PBXProject section */
		26ADC43A24AEEC550042ED8A /* Project object */ = {
			isa = PBXProject;
			attributes = {
				LastSwiftUpdateCheck = 1200;
				LastUpgradeCheck = 1200;
				TargetAttributes = {
					26ADC44124AEEC550042ED8A = {
						CreatedOnToolsVersion = 12.0;
					};
				};
			};
			buildConfigurationList = 26ADC43D24AEEC550042ED8A /* Build configuration list for PBXProject "SwiftUI-Mac-11" */;
			compatibilityVersion = "Xcode 9.3";
			developmentRegion = en;
			hasScannedForEncodings = 0;
			knownRegions = (
				en,
				Base,
			);
			mainGroup = 26ADC43924AEEC550042ED8A;
			productRefGroup = 26ADC44324AEEC550042ED8A /* Products */;
			projectDirPath = "";
			projectRoot = "";
			targets = (
				26ADC44124AEEC550042ED8A /* SwiftUI-Mac-11 */,
			);
		};
/* End PBXProject section */

/* Begin PBXResourcesBuildPhase section */
		26ADC44024AEEC550042ED8A /* Resources */ = {
			isa = PBXResourcesBuildPhase;
			buildActionMask = 2147483647;
			files = (
				26ADC44D24AEEC560042ED8A /* Preview Assets.xcassets in Resources */,
				26D1053E24AEF8F300897038 /* httpcodes.json in Resources */,
				26ADC44A24AEEC560042ED8A /* Assets.xcassets in Resources */,
			);
			runOnlyForDeploymentPostprocessing = 0;
		};
/* End PBXResourcesBuildPhase section */

/* Begin PBXSourcesBuildPhase section */
		26ADC43E24AEEC550042ED8A /* Sources */ = {
			isa = PBXSourcesBuildPhase;
			buildActionMask = 2147483647;
			files = (
				265E6C6524AF2B7A00FDC676 /* FormSamplesView.swift in Sources */,
				265E6C6324AF2B7A00FDC676 /* PickerSamplesView.swift in Sources */,
				265E6C5F24AF275B00FDC676 /* SamplesView.swift in Sources */,
				26D1054624AF028F00897038 /* SettingsView.swift in Sources */,
				26ADC44824AEEC550042ED8A /* ContentView.swift in Sources */,
				2611466424AF2F4000C5CFFF /* DialogsView.swift in Sources */,
				265E6C6424AF2B7A00FDC676 /* SwitchSamplesView.swift in Sources */,
				26ADC44624AEEC550042ED8A /* SwiftUI_Mac_11App.swift in Sources */,
				26D1053F24AEF8F300897038 /* Helper.swift in Sources */,
				26D1054224AEF93200897038 /* DetailView.swift in Sources */,
				26D1054024AEF8F300897038 /* HttpStatus.swift in Sources */,
			);
			runOnlyForDeploymentPostprocessing = 0;
		};
/* End PBXSourcesBuildPhase section */

/* Begin XCBuildConfiguration section */
		26ADC45024AEEC560042ED8A /* Debug */ = {
			isa = XCBuildConfiguration;
			buildSettings = {
				ALWAYS_SEARCH_USER_PATHS = NO;
				CLANG_ANALYZER_NONNULL = YES;
				CLANG_ANALYZER_NUMBER_OBJECT_CONVERSION = YES_AGGRESSIVE;
				CLANG_CXX_LANGUAGE_STANDARD = "gnu++14";
				CLANG_CXX_LIBRARY = "libc++";
				CLANG_ENABLE_MODULES = YES;
				CLANG_ENABLE_OBJC_ARC = YES;
				CLANG_ENABLE_OBJC_WEAK = YES;
				CLANG_WARN_BLOCK_CAPTURE_AUTORELEASING = YES;
				CLANG_WARN_BOOL_CONVERSION = YES;
				CLANG_WARN_COMMA = YES;
				CLANG_WARN_CONSTANT_CONVERSION = YES;
				CLANG_WARN_DEPRECATED_OBJC_IMPLEMENTATIONS = YES;
				CLANG_WARN_DIRECT_OBJC_ISA_USAGE = YES_ERROR;
				CLANG_WARN_DOCUMENTATION_COMMENTS = YES;
				CLANG_WARN_EMPTY_BODY = YES;
				CLANG_WARN_ENUM_CONVERSION = YES;
				CLANG_WARN_INFINITE_RECURSION = YES;
				CLANG_WARN_INT_CONVERSION = YES;
				CLANG_WARN_NON_LITERAL_NULL_CONVERSION = YES;
				CLANG_WARN_OBJC_IMPLICIT_RETAIN_SELF = YES;
				CLANG_WARN_OBJC_LITERAL_CONVERSION = YES;
				CLANG_WARN_OBJC_ROOT_CLASS = YES_ERROR;
				CLANG_WARN_QUOTED_INCLUDE_IN_FRAMEWORK_HEADER = YES;
				CLANG_WARN_RANGE_LOOP_ANALYSIS = YES;
				CLANG_WARN_STRICT_PROTOTYPES = YES;
				CLANG_WARN_SUSPICIOUS_MOVE = YES;
				CLANG_WARN_UNGUARDED_AVAILABILITY = YES_AGGRESSIVE;
				CLANG_WARN_UNREACHABLE_CODE = YES;
				CLANG_WARN__DUPLICATE_METHOD_MATCH = YES;
				COPY_PHASE_STRIP = NO;
				DEBUG_INFORMATION_FORMAT = dwarf;
				ENABLE_STRICT_OBJC_MSGSEND = YES;
				ENABLE_TESTABILITY = YES;
				GCC_C_LANGUAGE_STANDARD = gnu11;
				GCC_DYNAMIC_NO_PIC = NO;
				GCC_NO_COMMON_BLOCKS = YES;
				GCC_OPTIMIZATION_LEVEL = 0;
				GCC_PREPROCESSOR_DEFINITIONS = (
					"DEBUG=1",
					"$(inherited)",
				);
				GCC_WARN_64_TO_32_BIT_CONVERSION = YES;
				GCC_WARN_ABOUT_RETURN_TYPE = YES_ERROR;
				GCC_WARN_UNDECLARED_SELECTOR = YES;
				GCC_WARN_UNINITIALIZED_AUTOS = YES_AGGRESSIVE;
				GCC_WARN_UNUSED_FUNCTION = YES;
				GCC_WARN_UNUSED_VARIABLE = YES;
				MACOSX_DEPLOYMENT_TARGET = 11.0;
				MTL_ENABLE_DEBUG_INFO = INCLUDE_SOURCE;
				MTL_FAST_MATH = YES;
				ONLY_ACTIVE_ARCH = YES;
				SDKROOT = macosx;
				SWIFT_ACTIVE_COMPILATION_CONDITIONS = DEBUG;
				SWIFT_OPTIMIZATION_LEVEL = "-Onone";
			};
			name = Debug;
		};
		26ADC45124AEEC560042ED8A /* Release */ = {
			isa = XCBuildConfiguration;
			buildSettings = {
				ALWAYS_SEARCH_USER_PATHS = NO;
				CLANG_ANALYZER_NONNULL = YES;
				CLANG_ANALYZER_NUMBER_OBJECT_CONVERSION = YES_AGGRESSIVE;
				CLANG_CXX_LANGUAGE_STANDARD = "gnu++14";
				CLANG_CXX_LIBRARY = "libc++";
				CLANG_ENABLE_MODULES = YES;
				CLANG_ENABLE_OBJC_ARC = YES;
				CLANG_ENABLE_OBJC_WEAK = YES;
				CLANG_WARN_BLOCK_CAPTURE_AUTORELEASING = YES;
				CLANG_WARN_BOOL_CONVERSION = YES;
				CLANG_WARN_COMMA = YES;
				CLANG_WARN_CONSTANT_CONVERSION = YES;
				CLANG_WARN_DEPRECATED_OBJC_IMPLEMENTATIONS = YES;
				CLANG_WARN_DIRECT_OBJC_ISA_USAGE = YES_ERROR;
				CLANG_WARN_DOCUMENTATION_COMMENTS = YES;
				CLANG_WARN_EMPTY_BODY = YES;
				CLANG_WARN_ENUM_CONVERSION = YES;
				CLANG_WARN_INFINITE_RECURSION = YES;
				CLANG_WARN_INT_CONVERSION = YES;
				CLANG_WARN_NON_LITERAL_NULL_CONVERSION = YES;
				CLANG_WARN_OBJC_IMPLICIT_RETAIN_SELF = YES;
				CLANG_WARN_OBJC_LITERAL_CONVERSION = YES;
				CLANG_WARN_OBJC_ROOT_CLASS = YES_ERROR;
				CLANG_WARN_QUOTED_INCLUDE_IN_FRAMEWORK_HEADER = YES;
				CLANG_WARN_RANGE_LOOP_ANALYSIS = YES;
				CLANG_WARN_STRICT_PROTOTYPES = YES;
				CLANG_WARN_SUSPICIOUS_MOVE = YES;
				CLANG_WARN_UNGUARDED_AVAILABILITY = YES_AGGRESSIVE;
				CLANG_WARN_UNREACHABLE_CODE = YES;
				CLANG_WARN__DUPLICATE_METHOD_MATCH = YES;
				COPY_PHASE_STRIP = NO;
				DEBUG_INFORMATION_FORMAT = "dwarf-with-dsym";
				ENABLE_NS_ASSERTIONS = NO;
				ENABLE_STRICT_OBJC_MSGSEND = YES;
				GCC_C_LANGUAGE_STANDARD = gnu11;
				GCC_NO_COMMON_BLOCKS = YES;
				GCC_WARN_64_TO_32_BIT_CONVERSION = YES;
				GCC_WARN_ABOUT_RETURN_TYPE = YES_ERROR;
				GCC_WARN_UNDECLARED_SELECTOR = YES;
				GCC_WARN_UNINITIALIZED_AUTOS = YES_AGGRESSIVE;
				GCC_WARN_UNUSED_FUNCTION = YES;
				GCC_WARN_UNUSED_VARIABLE = YES;
				MACOSX_DEPLOYMENT_TARGET = 11.0;
				MTL_ENABLE_DEBUG_INFO = NO;
				MTL_FAST_MATH = YES;
				SDKROOT = macosx;
				SWIFT_COMPILATION_MODE = wholemodule;
				SWIFT_OPTIMIZATION_LEVEL = "-O";
			};
			name = Release;
		};
		26ADC45324AEEC560042ED8A /* Debug */ = {
			isa = XCBuildConfiguration;
			buildSettings = {
				ASSETCATALOG_COMPILER_APPICON_NAME = AppIcon;
				ASSETCATALOG_COMPILER_GLOBAL_ACCENT_COLOR_NAME = AccentColor;
				CODE_SIGN_ENTITLEMENTS = "SwiftUI-Mac-11/SwiftUI_Mac_11.entitlements";
				CODE_SIGN_STYLE = Automatic;
				COMBINE_HIDPI_IMAGES = YES;
				DEVELOPMENT_ASSET_PATHS = "\"SwiftUI-Mac-11/Preview Content\"";
				DEVELOPMENT_TEAM = TC28MCLCFA;
				ENABLE_PREVIEWS = YES;
				INFOPLIST_FILE = "SwiftUI-Mac-11/Info.plist";
				LD_RUNPATH_SEARCH_PATHS = (
					"$(inherited)",
					"@executable_path/../Frameworks",
				);
				MACOSX_DEPLOYMENT_TARGET = 10.16;
				PRODUCT_BUNDLE_IDENTIFIER = "net.troz.SwiftUI-Mac-11";
				PRODUCT_NAME = "$(TARGET_NAME)";
				SWIFT_VERSION = 5.0;
			};
			name = Debug;
		};
		26ADC45424AEEC560042ED8A /* Release */ = {
			isa = XCBuildConfiguration;
			buildSettings = {
				ASSETCATALOG_COMPILER_APPICON_NAME = AppIcon;
				ASSETCATALOG_COMPILER_GLOBAL_ACCENT_COLOR_NAME = AccentColor;
				CODE_SIGN_ENTITLEMENTS = "SwiftUI-Mac-11/SwiftUI_Mac_11.entitlements";
				CODE_SIGN_STYLE = Automatic;
				COMBINE_HIDPI_IMAGES = YES;
				DEVELOPMENT_ASSET_PATHS = "\"SwiftUI-Mac-11/Preview Content\"";
				DEVELOPMENT_TEAM = TC28MCLCFA;
				ENABLE_PREVIEWS = YES;
				INFOPLIST_FILE = "SwiftUI-Mac-11/Info.plist";
				LD_RUNPATH_SEARCH_PATHS = (
					"$(inherited)",
					"@executable_path/../Frameworks",
				);
				MACOSX_DEPLOYMENT_TARGET = 10.16;
				PRODUCT_BUNDLE_IDENTIFIER = "net.troz.SwiftUI-Mac-11";
				PRODUCT_NAME = "$(TARGET_NAME)";
				SWIFT_VERSION = 5.0;
			};
			name = Release;
		};
/* End XCBuildConfiguration section */

/* Begin XCConfigurationList section */
		26ADC43D24AEEC550042ED8A /* Build configuration list for PBXProject "SwiftUI-Mac-11" */ = {
			isa = XCConfigurationList;
			buildConfigurations = (
				26ADC45024AEEC560042ED8A /* Debug */,
				26ADC45124AEEC560042ED8A /* Release */,
			);
			defaultConfigurationIsVisible = 0;
			defaultConfigurationName = Release;
		};
		26ADC45224AEEC560042ED8A /* Build configuration list for PBXNativeTarget "SwiftUI-Mac-11" */ = {
			isa = XCConfigurationList;
			buildConfigurations = (
				26ADC45324AEEC560042ED8A /* Debug */,
				26ADC45424AEEC560042ED8A /* Release */,
			);
			defaultConfigurationIsVisible = 0;
			defaultConfigurationName = Release;
		};
/* End XCConfigurationList section */
	};
	rootObject = 26ADC43A24AEEC550042ED8A /* Project object */;
}
